
Microsoft Visual Studio Solution File, Format Version 12.00
# Visual Studio Version 17
VisualStudioVersion = 17.14.36414.22 d17.14
MinimumVisualStudioVersion = 10.0.40219.1
Project("{FAE04EC0-301F-11D3-BF4B-00C04F79EFBC}") = "SP3_RepuestoVentas", "SP3_RepuestoVentas.csproj", "{2CBA0055-652D-4ED8-A38D-EB141735A281}"
EndProject
Global
	GlobalSection(SolutionConfigurationPlatforms) = preSolution
		Debug|Any CPU = Debug|Any CPU
		Release|Any CPU = Release|Any CPU
	EndGlobalSection
	GlobalSection(ProjectConfigurationPlatforms) = postSolution
		{2CBA0055-652D-4ED8-A38D-EB141735A281}.Debug|Any CPU.ActiveCfg = Debug|Any CPU
		{2CBA0055-652D-4ED8-A38D-EB141735A281}.Debug|Any CPU.Build.0 = Debug|Any CPU
		{2CBA0055-652D-4ED8-A38D-EB141735A281}.Release|Any CPU.ActiveCfg = Release|Any CPU
		{2CBA0055-652D-4ED8-A38D-EB141735A281}.Release|Any CPU.Build.0 = Release|Any CPU
	EndGlobalSection
	GlobalSection(SolutionProperties) = preSolution
		HideSolutionNode = FALSE
	EndGlobalSection
	GlobalSection(ExtensibilityGlobals) = postSolution
		SolutionGuid = {039C9428-B970-4FF9-BF02-33EF935B2E88}
	EndGlobalSection
EndGlobal
